
Microsoft Visual Studio Solution File, Format Version 12.00
# Visual Studio Version 17
VisualStudioVersion = 17.0.31919.166
MinimumVisualStudioVersion = 10.0.40219.1
Project("{9A19103F-16F7-4668-BE54-9A1E7A4F7556}") = "ShowTimeCode", "ShowTimeCode\ShowTimeCode.csproj", "{02888D90-8255-4FB5-B062-8DC4C761D1C8}"
EndProject
Project("{2150E333-8FDC-42A3-9474-1A3956D46DE8}") = "0_Api", "0_Api", "{7070D579-7B90-422A-A9FC-6487C08E7B3C}"
EndProject
Project("{2150E333-8FDC-42A3-9474-1A3956D46DE8}") = "4_Commom", "4_Commom", "{BCB20DD4-F385-434D-9B95-3AFA3C38038E}"
EndProject
Project("{2150E333-8FDC-42A3-9474-1A3956D46DE8}") = "1_Business", "1_Business", "{13FA0657-3B6C-4689-8E7B-184E0DD3CA3F}"
EndProject
Project("{2150E333-8FDC-42A3-9474-1A3956D46DE8}") = "3_Entities", "3_Entities", "{85841989-FE22-4201-AE92-A83FF0F18FD2}"
EndProject
Project("{2150E333-8FDC-42A3-9474-1A3956D46DE8}") = "Abstract", "Abstract", "{D3616371-2F8F-4B9D-8A4F-B63F72B602F3}"
EndProject
Project("{2150E333-8FDC-42A3-9474-1A3956D46DE8}") = "2_DataMange", "2_DataMange", "{D20BD92C-F970-4479-97C4-838249BD2682}"
EndProject
Project("{2150E333-8FDC-42A3-9474-1A3956D46DE8}") = "Realization", "Realization", "{0AA6F5E5-4989-4DDD-98CE-EA62EC519663}"
EndProject
Project("{9A19103F-16F7-4668-BE54-9A1E7A4F7556}") = "EFCore_Fu", "EFCore_Fu\EFCore_Fu.csproj", "{209CF321-6933-4D04-97EF-D748EDDB0C8C}"
EndProject
Project("{9A19103F-16F7-4668-BE54-9A1E7A4F7556}") = "Common_Fu", "Common_Fu\Common_Fu.csproj", "{173385BB-76A6-4A7B-80F6-3BB51F28B5D0}"
EndProject
Project("{9A19103F-16F7-4668-BE54-9A1E7A4F7556}") = "Abstract_Fu", "Abstract_Fu\Abstract_Fu.csproj", "{7197717C-767C-4D23-97D6-8B5076388F9B}"
EndProject
Project("{9A19103F-16F7-4668-BE54-9A1E7A4F7556}") = "Realization_Fu", "Realization_Fu\Realization_Fu.csproj", "{8A853484-1DB9-439C-9C37-5D702E427B1A}"
EndProject
Project("{9A19103F-16F7-4668-BE54-9A1E7A4F7556}") = "Entities", "Entities\Entities.csproj", "{022F3072-0A61-4772-B206-BA575ECA8780}"
EndProject
Project("{2150E333-8FDC-42A3-9474-1A3956D46DE8}") = "5_Test", "5_Test", "{A8F93B8E-908A-48B7-990F-9FCE28AA9238}"
EndProject
Project("{FAE04EC0-301F-11D3-BF4B-00C04F79EFBC}") = "Test_Fu", "Test_Fu\Test_Fu.csproj", "{9920F2FF-F34B-49BE-BC4A-65D90D3780D1}"
EndProject
Global
	GlobalSection(SolutionConfigurationPlatforms) = preSolution
		Debug|Any CPU = Debug|Any CPU
		Release|Any CPU = Release|Any CPU
	EndGlobalSection
	GlobalSection(ProjectConfigurationPlatforms) = postSolution
		{02888D90-8255-4FB5-B062-8DC4C761D1C8}.Debug|Any CPU.ActiveCfg = Debug|Any CPU
		{02888D90-8255-4FB5-B062-8DC4C761D1C8}.Debug|Any CPU.Build.0 = Debug|Any CPU
		{02888D90-8255-4FB5-B062-8DC4C761D1C8}.Release|Any CPU.ActiveCfg = Release|Any CPU
		{02888D90-8255-4FB5-B062-8DC4C761D1C8}.Release|Any CPU.Build.0 = Release|Any CPU
		{209CF321-6933-4D04-97EF-D748EDDB0C8C}.Debug|Any CPU.ActiveCfg = Debug|Any CPU
		{209CF321-6933-4D04-97EF-D748EDDB0C8C}.Debug|Any CPU.Build.0 = Debug|Any CPU
		{209CF321-6933-4D04-97EF-D748EDDB0C8C}.Release|Any CPU.ActiveCfg = Release|Any CPU
		{209CF321-6933-4D04-97EF-D748EDDB0C8C}.Release|Any CPU.Build.0 = Release|Any CPU
		{173385BB-76A6-4A7B-80F6-3BB51F28B5D0}.Debug|Any CPU.ActiveCfg = Debug|Any CPU
		{173385BB-76A6-4A7B-80F6-3BB51F28B5D0}.Debug|Any CPU.Build.0 = Debug|Any CPU
		{173385BB-76A6-4A7B-80F6-3BB51F28B5D0}.Release|Any CPU.ActiveCfg = Release|Any CPU
		{173385BB-76A6-4A7B-80F6-3BB51F28B5D0}.Release|Any CPU.Build.0 = Release|Any CPU
		{7197717C-767C-4D23-97D6-8B5076388F9B}.Debug|Any CPU.ActiveCfg = Debug|Any CPU
		{7197717C-767C-4D23-97D6-8B5076388F9B}.Debug|Any CPU.Build.0 = Debug|Any CPU
		{7197717C-767C-4D23-97D6-8B5076388F9B}.Release|Any CPU.ActiveCfg = Release|Any CPU
		{7197717C-767C-4D23-97D6-8B5076388F9B}.Release|Any CPU.Build.0 = Release|Any CPU
		{8A853484-1DB9-439C-9C37-5D702E427B1A}.Debug|Any CPU.ActiveCfg = Debug|Any CPU
		{8A853484-1DB9-439C-9C37-5D702E427B1A}.Debug|Any CPU.Build.0 = Debug|Any CPU
		{8A853484-1DB9-439C-9C37-5D702E427B1A}.Release|Any CPU.ActiveCfg = Release|Any CPU
		{8A853484-1DB9-439C-9C37-5D702E427B1A}.Release|Any CPU.Build.0 = Release|Any CPU
		{022F3072-0A61-4772-B206-BA575ECA8780}.Debug|Any CPU.ActiveCfg = Debug|Any CPU
		{022F3072-0A61-4772-B206-BA575ECA8780}.Debug|Any CPU.Build.0 = Debug|Any CPU
		{022F3072-0A61-4772-B206-BA575ECA8780}.Release|Any CPU.ActiveCfg = Release|Any CPU
		{022F3072-0A61-4772-B206-BA575ECA8780}.Release|Any CPU.Build.0 = Release|Any CPU
		{9920F2FF-F34B-49BE-BC4A-65D90D3780D1}.Debug|Any CPU.ActiveCfg = Debug|Any CPU
		{9920F2FF-F34B-49BE-BC4A-65D90D3780D1}.Debug|Any CPU.Build.0 = Debug|Any CPU
		{9920F2FF-F34B-49BE-BC4A-65D90D3780D1}.Release|Any CPU.ActiveCfg = Release|Any CPU
		{9920F2FF-F34B-49BE-BC4A-65D90D3780D1}.Release|Any CPU.Build.0 = Release|Any CPU
	EndGlobalSection
	GlobalSection(SolutionProperties) = preSolution
		HideSolutionNode = FALSE
	EndGlobalSection
	GlobalSection(NestedProjects) = preSolution
		{02888D90-8255-4FB5-B062-8DC4C761D1C8} = {7070D579-7B90-422A-A9FC-6487C08E7B3C}
		{D3616371-2F8F-4B9D-8A4F-B63F72B602F3} = {13FA0657-3B6C-4689-8E7B-184E0DD3CA3F}
		{0AA6F5E5-4989-4DDD-98CE-EA62EC519663} = {13FA0657-3B6C-4689-8E7B-184E0DD3CA3F}
		{209CF321-6933-4D04-97EF-D748EDDB0C8C} = {D20BD92C-F970-4479-97C4-838249BD2682}
		{173385BB-76A6-4A7B-80F6-3BB51F28B5D0} = {BCB20DD4-F385-434D-9B95-3AFA3C38038E}
		{7197717C-767C-4D23-97D6-8B5076388F9B} = {D3616371-2F8F-4B9D-8A4F-B63F72B602F3}
		{8A853484-1DB9-439C-9C37-5D702E427B1A} = {0AA6F5E5-4989-4DDD-98CE-EA62EC519663}
		{022F3072-0A61-4772-B206-BA575ECA8780} = {85841989-FE22-4201-AE92-A83FF0F18FD2}
		{9920F2FF-F34B-49BE-BC4A-65D90D3780D1} = {A8F93B8E-908A-48B7-990F-9FCE28AA9238}
	EndGlobalSection
	GlobalSection(ExtensibilityGlobals) = postSolution
		SolutionGuid = {BBBA2DFE-10F3-4FF1-B8F3-78FDFAE782D4}
	EndGlobalSection
EndGlobal
